
Microsoft Visual Studio Solution File, Format Version 11.00
# Visual Studio 2010
Project("{FAE04EC0-301F-11D3-BF4B-00C04F79EFBC}") = "NaughtyAttributes.Test", "NaughtyAttributes.Test.csproj", "{08a2ca05-48af-18cf-0926-44dfde395e70}"
EndProject
Project("{FAE04EC0-301F-11D3-BF4B-00C04F79EFBC}") = "Assembly-CSharp", "Assembly-CSharp.csproj", "{11e5e80b-06d5-d0a1-e67d-923a5ed26d39}"
EndProject
Project("{FAE04EC0-301F-11D3-BF4B-00C04F79EFBC}") = "NaughtyAttributes.Core", "NaughtyAttributes.Core.csproj", "{9d799631-9c8b-d7f8-1b35-ebac1429572d}"
EndProject
Project("{FAE04EC0-301F-11D3-BF4B-00C04F79EFBC}") = "Assembly-CSharp-Editor", "Assembly-CSharp-Editor.csproj", "{926c3600-d27e-a1ff-4310-e9b080b0170d}"
EndProject
Project("{FAE04EC0-301F-11D3-BF4B-00C04F79EFBC}") = "NaughtyAttributes.Editor", "NaughtyAttributes.Editor.csproj", "{394eca45-b7a2-fd1f-1b6e-632e0fccbd28}"
EndProject
Global
	GlobalSection(SolutionConfigurationPlatforms) = preSolution
		Debug|Any CPU = Debug|Any CPU
	EndGlobalSection
	GlobalSection(ProjectConfigurationPlatforms) = postSolution
		{08a2ca05-48af-18cf-0926-44dfde395e70}.Debug|Any CPU.ActiveCfg = Debug|Any CPU
		{08a2ca05-48af-18cf-0926-44dfde395e70}.Debug|Any CPU.Build.0 = Debug|Any CPU
		{11e5e80b-06d5-d0a1-e67d-923a5ed26d39}.Debug|Any CPU.ActiveCfg = Debug|Any CPU
		{11e5e80b-06d5-d0a1-e67d-923a5ed26d39}.Debug|Any CPU.Build.0 = Debug|Any CPU
		{9d799631-9c8b-d7f8-1b35-ebac1429572d}.Debug|Any CPU.ActiveCfg = Debug|Any CPU
		{9d799631-9c8b-d7f8-1b35-ebac1429572d}.Debug|Any CPU.Build.0 = Debug|Any CPU
		{926c3600-d27e-a1ff-4310-e9b080b0170d}.Debug|Any CPU.ActiveCfg = Debug|Any CPU
		{926c3600-d27e-a1ff-4310-e9b080b0170d}.Debug|Any CPU.Build.0 = Debug|Any CPU
		{394eca45-b7a2-fd1f-1b6e-632e0fccbd28}.Debug|Any CPU.ActiveCfg = Debug|Any CPU
		{394eca45-b7a2-fd1f-1b6e-632e0fccbd28}.Debug|Any CPU.Build.0 = Debug|Any CPU
	EndGlobalSection
	GlobalSection(SolutionProperties) = preSolution
		HideSolutionNode = FALSE
	EndGlobalSection
EndGlobal
