
Microsoft Visual Studio Solution File, Format Version 11.00
# Visual Studio 2010
Project("{FAE04EC0-301F-11D3-BF4B-00C04F79EFBC}") = "NaughtyAttributes.Test", "NaughtyAttributes.Test.csproj", "{05CAA208-AF48-CF18-0926-44DFDE395E70}"
EndProject
Project("{FAE04EC0-301F-11D3-BF4B-00C04F79EFBC}") = "Assembly-CSharp", "Assembly-CSharp.csproj", "{0BE8E511-D506-A1D0-E67D-923A5ED26D39}"
EndProject
Project("{FAE04EC0-301F-11D3-BF4B-00C04F79EFBC}") = "NaughtyAttributes.Core", "NaughtyAttributes.Core.csproj", "{3196799D-8B9C-F8D7-1B35-EBAC1429572D}"
EndProject
Project("{FAE04EC0-301F-11D3-BF4B-00C04F79EFBC}") = "Assembly-CSharp-Editor", "Assembly-CSharp-Editor.csproj", "{00366C92-7ED2-FFA1-4310-E9B080B0170D}"
EndProject
Project("{FAE04EC0-301F-11D3-BF4B-00C04F79EFBC}") = "NaughtyAttributes.Editor", "NaughtyAttributes.Editor.csproj", "{45CA4E39-A2B7-1FFD-1B6E-632E0FCCBD28}"
EndProject
Global
	GlobalSection(SolutionConfigurationPlatforms) = preSolution
		Debug|Any CPU = Debug|Any CPU
		Release|Any CPU = Release|Any CPU
	EndGlobalSection
	GlobalSection(ProjectConfigurationPlatforms) = postSolution
		{05CAA208-AF48-CF18-0926-44DFDE395E70}.Debug|Any CPU.ActiveCfg = Debug|Any CPU
		{05CAA208-AF48-CF18-0926-44DFDE395E70}.Debug|Any CPU.Build.0 = Debug|Any CPU
		{05CAA208-AF48-CF18-0926-44DFDE395E70}.Release|Any CPU.ActiveCfg = Release|Any CPU
		{05CAA208-AF48-CF18-0926-44DFDE395E70}.Release|Any CPU.Build.0 = Release|Any CPU
		{0BE8E511-D506-A1D0-E67D-923A5ED26D39}.Debug|Any CPU.ActiveCfg = Debug|Any CPU
		{0BE8E511-D506-A1D0-E67D-923A5ED26D39}.Debug|Any CPU.Build.0 = Debug|Any CPU
		{0BE8E511-D506-A1D0-E67D-923A5ED26D39}.Release|Any CPU.ActiveCfg = Release|Any CPU
		{0BE8E511-D506-A1D0-E67D-923A5ED26D39}.Release|Any CPU.Build.0 = Release|Any CPU
		{3196799D-8B9C-F8D7-1B35-EBAC1429572D}.Debug|Any CPU.ActiveCfg = Debug|Any CPU
		{3196799D-8B9C-F8D7-1B35-EBAC1429572D}.Debug|Any CPU.Build.0 = Debug|Any CPU
		{3196799D-8B9C-F8D7-1B35-EBAC1429572D}.Release|Any CPU.ActiveCfg = Release|Any CPU
		{3196799D-8B9C-F8D7-1B35-EBAC1429572D}.Release|Any CPU.Build.0 = Release|Any CPU
		{00366C92-7ED2-FFA1-4310-E9B080B0170D}.Debug|Any CPU.ActiveCfg = Debug|Any CPU
		{00366C92-7ED2-FFA1-4310-E9B080B0170D}.Debug|Any CPU.Build.0 = Debug|Any CPU
		{00366C92-7ED2-FFA1-4310-E9B080B0170D}.Release|Any CPU.ActiveCfg = Release|Any CPU
		{00366C92-7ED2-FFA1-4310-E9B080B0170D}.Release|Any CPU.Build.0 = Release|Any CPU
		{45CA4E39-A2B7-1FFD-1B6E-632E0FCCBD28}.Debug|Any CPU.ActiveCfg = Debug|Any CPU
		{45CA4E39-A2B7-1FFD-1B6E-632E0FCCBD28}.Debug|Any CPU.Build.0 = Debug|Any CPU
		{45CA4E39-A2B7-1FFD-1B6E-632E0FCCBD28}.Release|Any CPU.ActiveCfg = Release|Any CPU
		{45CA4E39-A2B7-1FFD-1B6E-632E0FCCBD28}.Release|Any CPU.Build.0 = Release|Any CPU
	EndGlobalSection
	GlobalSection(SolutionProperties) = preSolution
		HideSolutionNode = FALSE
	EndGlobalSection
EndGlobal
